
Microsoft Visual Studio Solution File, Format Version 12.00
# Visual Studio 14
VisualStudioVersion = 14.0.25420.1
MinimumVisualStudioVersion = 10.0.40219.1
Project("{FAE04EC0-301F-11D3-BF4B-00C04F79EFBC}") = "AMMonitoringTool", "AMMonitoringTool\AMMonitoringTool.csproj", "{0D3BDF95-2724-4384-A028-01E87A71C9A9}"
EndProject
Project("{FAE04EC0-301F-11D3-BF4B-00C04F79EFBC}") = "OutputConnectUser", "..\..\..\2016_sassignment\OutputConnectUser\OutputConnectUser\OutputConnectUser.csproj", "{EB41667B-7CA2-4BB8-96D6-3983497E4221}"
EndProject
Global
	GlobalSection(SolutionConfigurationPlatforms) = preSolution
		Debug|Any CPU = Debug|Any CPU
		Release|Any CPU = Release|Any CPU
	EndGlobalSection
	GlobalSection(ProjectConfigurationPlatforms) = postSolution
		{0D3BDF95-2724-4384-A028-01E87A71C9A9}.Debug|Any CPU.ActiveCfg = Debug|Any CPU
		{0D3BDF95-2724-4384-A028-01E87A71C9A9}.Debug|Any CPU.Build.0 = Debug|Any CPU
		{0D3BDF95-2724-4384-A028-01E87A71C9A9}.Release|Any CPU.ActiveCfg = Release|Any CPU
		{0D3BDF95-2724-4384-A028-01E87A71C9A9}.Release|Any CPU.Build.0 = Release|Any CPU
		{EB41667B-7CA2-4BB8-96D6-3983497E4221}.Debug|Any CPU.ActiveCfg = Debug|Any CPU
		{EB41667B-7CA2-4BB8-96D6-3983497E4221}.Debug|Any CPU.Build.0 = Debug|Any CPU
		{EB41667B-7CA2-4BB8-96D6-3983497E4221}.Release|Any CPU.ActiveCfg = Release|Any CPU
		{EB41667B-7CA2-4BB8-96D6-3983497E4221}.Release|Any CPU.Build.0 = Release|Any CPU
	EndGlobalSection
	GlobalSection(SolutionProperties) = preSolution
		HideSolutionNode = FALSE
	EndGlobalSection
EndGlobal
